
Microsoft Visual Studio Solution File, Format Version 12.00
# Visual Studio Version 17
VisualStudioVersion = 17.11.35312.102
MinimumVisualStudioVersion = 10.0.40219.1
Project("{FAE04EC0-301F-11D3-BF4B-00C04F79EFBC}") = "07_Foreach", "07_Foreach.csproj", "{BFF26F16-5817-46F9-A8E7-92315BB25174}"
EndProject
Global
	GlobalSection(SolutionConfigurationPlatforms) = preSolution
		Debug|Any CPU = Debug|Any CPU
		Release|Any CPU = Release|Any CPU
	EndGlobalSection
	GlobalSection(ProjectConfigurationPlatforms) = postSolution
		{BFF26F16-5817-46F9-A8E7-92315BB25174}.Debug|Any CPU.ActiveCfg = Debug|Any CPU
		{BFF26F16-5817-46F9-A8E7-92315BB25174}.Debug|Any CPU.Build.0 = Debug|Any CPU
		{BFF26F16-5817-46F9-A8E7-92315BB25174}.Release|Any CPU.ActiveCfg = Release|Any CPU
		{BFF26F16-5817-46F9-A8E7-92315BB25174}.Release|Any CPU.Build.0 = Release|Any CPU
	EndGlobalSection
	GlobalSection(SolutionProperties) = preSolution
		HideSolutionNode = FALSE
	EndGlobalSection
	GlobalSection(ExtensibilityGlobals) = postSolution
		SolutionGuid = {855B14FB-DD31-4684-A976-4294AC4225A9}
	EndGlobalSection
EndGlobal
