
Microsoft Visual Studio Solution File, Format Version 12.00
# Visual Studio Version 17
VisualStudioVersion = 17.11.35312.102
MinimumVisualStudioVersion = 10.0.40219.1
Project("{FAE04EC0-301F-11D3-BF4B-00C04F79EFBC}") = "05_LoopWithStars", "05_LoopWithStars\05_LoopWithStars.csproj", "{0B52DCA0-87F6-420F-857B-07C1575302F3}"
EndProject
Global
	GlobalSection(SolutionConfigurationPlatforms) = preSolution
		Debug|Any CPU = Debug|Any CPU
		Release|Any CPU = Release|Any CPU
	EndGlobalSection
	GlobalSection(ProjectConfigurationPlatforms) = postSolution
		{0B52DCA0-87F6-420F-857B-07C1575302F3}.Debug|Any CPU.ActiveCfg = Debug|Any CPU
		{0B52DCA0-87F6-420F-857B-07C1575302F3}.Debug|Any CPU.Build.0 = Debug|Any CPU
		{0B52DCA0-87F6-420F-857B-07C1575302F3}.Release|Any CPU.ActiveCfg = Release|Any CPU
		{0B52DCA0-87F6-420F-857B-07C1575302F3}.Release|Any CPU.Build.0 = Release|Any CPU
	EndGlobalSection
	GlobalSection(SolutionProperties) = preSolution
		HideSolutionNode = FALSE
	EndGlobalSection
	GlobalSection(ExtensibilityGlobals) = postSolution
		SolutionGuid = {B67D4415-0783-4A9C-A274-347D18DD1223}
	EndGlobalSection
EndGlobal
